// !$*UTF8*$!
{
	archiveVersion = 1;
	classes = {
	};
	objectVersion = 50;
	objects = {

/* Begin PBXBuildFile section */
		497038E623F09A9D0021CD78 /* BaseKit.framework in Frameworks */ = {isa = PBXBuildFile; fileRef = 497038E223F09A3A0021CD78 /* BaseKit.framework */; };
		497038E723F09A9D0021CD78 /* BaseKit.framework in Embed Frameworks */ = {isa = PBXBuildFile; fileRef = 497038E223F09A3A0021CD78 /* BaseKit.framework */; settings = {ATTRIBUTES = (CodeSignOnCopy, RemoveHeadersOnCopy, ); }; };
		499E884723F0986400D4FB28 /* AppDelegate.swift in Sources */ = {isa = PBXBuildFile; fileRef = 499E884623F0986400D4FB28 /* AppDelegate.swift */; };
		499E884923F0986400D4FB28 /* SceneDelegate.swift in Sources */ = {isa = PBXBuildFile; fileRef = 499E884823F0986400D4FB28 /* SceneDelegate.swift */; };
		499E884B23F0986400D4FB28 /* ViewController.swift in Sources */ = {isa = PBXBuildFile; fileRef = 499E884A23F0986400D4FB28 /* ViewController.swift */; };
		499E884E23F0986400D4FB28 /* Main.storyboard in Resources */ = {isa = PBXBuildFile; fileRef = 499E884C23F0986400D4FB28 /* Main.storyboard */; };
		499E885023F0986400D4FB28 /* Assets.xcassets in Resources */ = {isa = PBXBuildFile; fileRef = 499E884F23F0986400D4FB28 /* Assets.xcassets */; };
		499E885323F0986400D4FB28 /* LaunchScreen.storyboard in Resources */ = {isa = PBXBuildFile; fileRef = 499E885123F0986400D4FB28 /* LaunchScreen.storyboard */; };
/* End PBXBuildFile section */

/* Begin PBXContainerItemProxy section */
		497038E123F09A3A0021CD78 /* PBXContainerItemProxy */ = {
			isa = PBXContainerItemProxy;
			containerPortal = 497038DC23F09A3A0021CD78 /* BaseKit.xcodeproj */;
			proxyType = 2;
			remoteGlobalIDString = 49DD6B0423F08D5500D960B4;
			remoteInfo = BaseKit;
		};
		497038E323F09A3A0021CD78 /* PBXContainerItemProxy */ = {
			isa = PBXContainerItemProxy;
			containerPortal = 497038DC23F09A3A0021CD78 /* BaseKit.xcodeproj */;
			proxyType = 2;
			remoteGlobalIDString = 49DD6B0D23F08D5500D960B4;
			remoteInfo = BaseKitTests;
		};
/* End PBXContainerItemProxy section */

/* Begin PBXCopyFilesBuildPhase section */
		497038E823F09A9D0021CD78 /* Embed Frameworks */ = {
			isa = PBXCopyFilesBuildPhase;
			buildActionMask = 2147483647;
			dstPath = "";
			dstSubfolderSpec = 10;
			files = (
				497038E723F09A9D0021CD78 /* BaseKit.framework in Embed Frameworks */,
			);
			name = "Embed Frameworks";
			runOnlyForDeploymentPostprocessing = 0;
		};
/* End PBXCopyFilesBuildPhase section */

/* Begin PBXFileReference section */
		497038DC23F09A3A0021CD78 /* BaseKit.xcodeproj */ = {isa = PBXFileReference; lastKnownFileType = "wrapper.pb-project"; name = BaseKit.xcodeproj; path = ../BaseKit.xcodeproj; sourceTree = "<group>"; };
		499E884323F0986400D4FB28 /* BaseKitExample.app */ = {isa = PBXFileReference; explicitFileType = wrapper.application; includeInIndex = 0; path = BaseKitExample.app; sourceTree = BUILT_PRODUCTS_DIR; };
		499E884623F0986400D4FB28 /* AppDelegate.swift */ = {isa = PBXFileReference; lastKnownFileType = sourcecode.swift; path = AppDelegate.swift; sourceTree = "<group>"; };
		499E884823F0986400D4FB28 /* SceneDelegate.swift */ = {isa = PBXFileReference; lastKnownFileType = sourcecode.swift; path = SceneDelegate.swift; sourceTree = "<group>"; };
		499E884A23F0986400D4FB28 /* ViewController.swift */ = {isa = PBXFileReference; lastKnownFileType = sourcecode.swift; path = ViewController.swift; sourceTree = "<group>"; };
		499E884D23F0986400D4FB28 /* Base */ = {isa = PBXFileReference; lastKnownFileType = file.storyboard; name = Base; path = Base.lproj/Main.storyboard; sourceTree = "<group>"; };
		499E884F23F0986400D4FB28 /* Assets.xcassets */ = {isa = PBXFileReference; lastKnownFileType = folder.assetcatalog; path = Assets.xcassets; sourceTree = "<group>"; };
		499E885223F0986400D4FB28 /* Base */ = {isa = PBXFileReference; lastKnownFileType = file.storyboard; name = Base; path = Base.lproj/LaunchScreen.storyboard; sourceTree = "<group>"; };
		499E885423F0986400D4FB28 /* Info.plist */ = {isa = PBXFileReference; lastKnownFileType = text.plist.xml; path = Info.plist; sourceTree = "<group>"; };
/* End PBXFileReference section */

/* Begin PBXFrameworksBuildPhase section */
		499E884023F0986400D4FB28 /* Frameworks */ = {
			isa = PBXFrameworksBuildPhase;
			buildActionMask = 2147483647;
			files = (
				497038E623F09A9D0021CD78 /* BaseKit.framework in Frameworks */,
			);
			runOnlyForDeploymentPostprocessing = 0;
		};
/* End PBXFrameworksBuildPhase section */

/* Begin PBXGroup section */
		497038DD23F09A3A0021CD78 /* Products */ = {
			isa = PBXGroup;
			children = (
				497038E223F09A3A0021CD78 /* BaseKit.framework */,
				497038E423F09A3A0021CD78 /* BaseKitTests.xctest */,
			);
			name = Products;
			sourceTree = "<group>";
		};
		497038E523F09A9D0021CD78 /* Frameworks */ = {
			isa = PBXGroup;
			children = (
			);
			name = Frameworks;
			sourceTree = "<group>";
		};
		499E883A23F0986400D4FB28 = {
			isa = PBXGroup;
			children = (
				497038DC23F09A3A0021CD78 /* BaseKit.xcodeproj */,
				499E884523F0986400D4FB28 /* BaseKitExample */,
				499E884423F0986400D4FB28 /* Products */,
				497038E523F09A9D0021CD78 /* Frameworks */,
			);
			sourceTree = "<group>";
		};
		499E884423F0986400D4FB28 /* Products */ = {
			isa = PBXGroup;
			children = (
				499E884323F0986400D4FB28 /* BaseKitExample.app */,
			);
			name = Products;
			sourceTree = "<group>";
		};
		499E884523F0986400D4FB28 /* BaseKitExample */ = {
			isa = PBXGroup;
			children = (
				499E884623F0986400D4FB28 /* AppDelegate.swift */,
				499E884823F0986400D4FB28 /* SceneDelegate.swift */,
				499E884A23F0986400D4FB28 /* ViewController.swift */,
				499E884C23F0986400D4FB28 /* Main.storyboard */,
				499E884F23F0986400D4FB28 /* Assets.xcassets */,
				499E885123F0986400D4FB28 /* LaunchScreen.storyboard */,
				499E885423F0986400D4FB28 /* Info.plist */,
			);
			path = BaseKitExample;
			sourceTree = "<group>";
		};
/* End PBXGroup section */

/* Begin PBXNativeTarget section */
		499E884223F0986400D4FB28 /* BaseKitExample */ = {
			isa = PBXNativeTarget;
			buildConfigurationList = 499E885723F0986400D4FB28 /* Build configuration list for PBXNativeTarget "BaseKitExample" */;
			buildPhases = (
				499E883F23F0986400D4FB28 /* Sources */,
				499E884023F0986400D4FB28 /* Frameworks */,
				499E884123F0986400D4FB28 /* Resources */,
				497038E823F09A9D0021CD78 /* Embed Frameworks */,
			);
			buildRules = (
			);
			dependencies = (
			);
			name = BaseKitExample;
			productName = BaseKitExample;
			productReference = 499E884323F0986400D4FB28 /* BaseKitExample.app */;
			productType = "com.apple.product-type.application";
		};
/* End PBXNativeTarget section */

/* Begin PBXProject section */
		499E883B23F0986400D4FB28 /* Project object */ = {
			isa = PBXProject;
			attributes = {
				LastSwiftUpdateCheck = 1130;
				LastUpgradeCheck = 1130;
				ORGANIZATIONNAME = "Andrew Tsukuda";
				TargetAttributes = {
					499E884223F0986400D4FB28 = {
						CreatedOnToolsVersion = 11.3.1;
					};
				};
			};
			buildConfigurationList = 499E883E23F0986400D4FB28 /* Build configuration list for PBXProject "BaseKitExample" */;
			compatibilityVersion = "Xcode 9.3";
			developmentRegion = en;
			hasScannedForEncodings = 0;
			knownRegions = (
				en,
				Base,
			);
			mainGroup = 499E883A23F0986400D4FB28;
			productRefGroup = 499E884423F0986400D4FB28 /* Products */;
			projectDirPath = "";
			projectReferences = (
				{
					ProductGroup = 497038DD23F09A3A0021CD78 /* Products */;
					ProjectRef = 497038DC23F09A3A0021CD78 /* BaseKit.xcodeproj */;
				},
			);
			projectRoot = "";
			targets = (
				499E884223F0986400D4FB28 /* BaseKitExample */,
			);
		};
/* End PBXProject section */

/* Begin PBXReferenceProxy section */
		497038E223F09A3A0021CD78 /* BaseKit.framework */ = {
			isa = PBXReferenceProxy;
			fileType = wrapper.framework;
			path = BaseKit.framework;
			remoteRef = 497038E123F09A3A0021CD78 /* PBXContainerItemProxy */;
			sourceTree = BUILT_PRODUCTS_DIR;
		};
		497038E423F09A3A0021CD78 /* BaseKitTests.xctest */ = {
			isa = PBXReferenceProxy;
			fileType = wrapper.cfbundle;
			path = BaseKitTests.xctest;
			remoteRef = 497038E323F09A3A0021CD78 /* PBXContainerItemProxy */;
			sourceTree = BUILT_PRODUCTS_DIR;
		};
/* End PBXReferenceProxy section */

/* Begin PBXResourcesBuildPhase section */
		499E884123F0986400D4FB28 /* Resources */ = {
			isa = PBXResourcesBuildPhase;
			buildActionMask = 2147483647;
			files = (
				499E885323F0986400D4FB28 /* LaunchScreen.storyboard in Resources */,
				499E885023F0986400D4FB28 /* Assets.xcassets in Resources */,
				499E884E23F0986400D4FB28 /* Main.storyboard in Resources */,
			);
			runOnlyForDeploymentPostprocessing = 0;
		};
/* End PBXResourcesBuildPhase section */

/* Begin PBXSourcesBuildPhase section */
		499E883F23F0986400D4FB28 /* Sources */ = {
			isa = PBXSourcesBuildPhase;
			buildActionMask = 2147483647;
			files = (
				499E884B23F0986400D4FB28 /* ViewController.swift in Sources */,
				499E884723F0986400D4FB28 /* AppDelegate.swift in Sources */,
				499E884923F0986400D4FB28 /* SceneDelegate.swift in Sources */,
			);
			runOnlyForDeploymentPostprocessing = 0;
		};
/* End PBXSourcesBuildPhase section */

/* Begin PBXVariantGroup section */
		499E884C23F0986400D4FB28 /* Main.storyboard */ = {
			isa = PBXVariantGroup;
			children = (
				499E884D23F0986400D4FB28 /* Base */,
			);
			name = Main.storyboard;
			sourceTree = "<group>";
		};
		499E885123F0986400D4FB28 /* LaunchScreen.storyboard */ = {
			isa = PBXVariantGroup;
			children = (
				499E885223F0986400D4FB28 /* Base */,
			);
			name = LaunchScreen.storyboard;
			sourceTree = "<group>";
		};
/* End PBXVariantGroup section */

/* Begin XCBuildConfiguration section */
		499E885523F0986400D4FB28 /* Debug */ = {
			isa = XCBuildConfiguration;
			buildSettings = {
				ALWAYS_SEARCH_USER_PATHS = NO;
				CLANG_ANALYZER_NONNULL = YES;
				CLANG_ANALYZER_NUMBER_OBJECT_CONVERSION = YES_AGGRESSIVE;
				CLANG_CXX_LANGUAGE_STANDARD = "gnu++14";
				CLANG_CXX_LIBRARY = "libc++";
				CLANG_ENABLE_MODULES = YES;
				CLANG_ENABLE_OBJC_ARC = YES;
				CLANG_ENABLE_OBJC_WEAK = YES;
				CLANG_WARN_BLOCK_CAPTURE_AUTORELEASING = YES;
				CLANG_WARN_BOOL_CONVERSION = YES;
				CLANG_WARN_COMMA = YES;
				CLANG_WARN_CONSTANT_CONVERSION = YES;
				CLANG_WARN_DEPRECATED_OBJC_IMPLEMENTATIONS = YES;
				CLANG_WARN_DIRECT_OBJC_ISA_USAGE = YES_ERROR;
				CLANG_WARN_DOCUMENTATION_COMMENTS = YES;
				CLANG_WARN_EMPTY_BODY = YES;
				CLANG_WARN_ENUM_CONVERSION = YES;
				CLANG_WARN_INFINITE_RECURSION = YES;
				CLANG_WARN_INT_CONVERSION = YES;
				CLANG_WARN_NON_LITERAL_NULL_CONVERSION = YES;
				CLANG_WARN_OBJC_IMPLICIT_RETAIN_SELF = YES;
				CLANG_WARN_OBJC_LITERAL_CONVERSION = YES;
				CLANG_WARN_OBJC_ROOT_CLASS = YES_ERROR;
				CLANG_WARN_RANGE_LOOP_ANALYSIS = YES;
				CLANG_WARN_STRICT_PROTOTYPES = YES;
				CLANG_WARN_SUSPICIOUS_MOVE = YES;
				CLANG_WARN_UNGUARDED_AVAILABILITY = YES_AGGRESSIVE;
				CLANG_WARN_UNREACHABLE_CODE = YES;
				CLANG_WARN__DUPLICATE_METHOD_MATCH = YES;
				COPY_PHASE_STRIP = NO;
				DEBUG_INFORMATION_FORMAT = dwarf;
				ENABLE_STRICT_OBJC_MSGSEND = YES;
				ENABLE_TESTABILITY = YES;
				GCC_C_LANGUAGE_STANDARD = gnu11;
				GCC_DYNAMIC_NO_PIC = NO;
				GCC_NO_COMMON_BLOCKS = YES;
				GCC_OPTIMIZATION_LEVEL = 0;
				GCC_PREPROCESSOR_DEFINITIONS = (
					"DEBUG=1",
					"$(inherited)",
				);
				GCC_WARN_64_TO_32_BIT_CONVERSION = YES;
				GCC_WARN_ABOUT_RETURN_TYPE = YES_ERROR;
				GCC_WARN_UNDECLARED_SELECTOR = YES;
				GCC_WARN_UNINITIALIZED_AUTOS = YES_AGGRESSIVE;
				GCC_WARN_UNUSED_FUNCTION = YES;
				GCC_WARN_UNUSED_VARIABLE = YES;
				IPHONEOS_DEPLOYMENT_TARGET = 13.2;
				MTL_ENABLE_DEBUG_INFO = INCLUDE_SOURCE;
				MTL_FAST_MATH = YES;
				ONLY_ACTIVE_ARCH = YES;
				SDKROOT = iphoneos;
				SWIFT_ACTIVE_COMPILATION_CONDITIONS = DEBUG;
				SWIFT_OPTIMIZATION_LEVEL = "-Onone";
			};
			name = Debug;
		};
		499E885623F0986400D4FB28 /* Release */ = {
			isa = XCBuildConfiguration;
			buildSettings = {
				ALWAYS_SEARCH_USER_PATHS = NO;
				CLANG_ANALYZER_NONNULL = YES;
				CLANG_ANALYZER_NUMBER_OBJECT_CONVERSION = YES_AGGRESSIVE;
				CLANG_CXX_LANGUAGE_STANDARD = "gnu++14";
				CLANG_CXX_LIBRARY = "libc++";
				CLANG_ENABLE_MODULES = YES;
				CLANG_ENABLE_OBJC_ARC = YES;
				CLANG_ENABLE_OBJC_WEAK = YES;
				CLANG_WARN_BLOCK_CAPTURE_AUTORELEASING = YES;
				CLANG_WARN_BOOL_CONVERSION = YES;
				CLANG_WARN_COMMA = YES;
				CLANG_WARN_CONSTANT_CONVERSION = YES;
				CLANG_WARN_DEPRECATED_OBJC_IMPLEMENTATIONS = YES;
				CLANG_WARN_DIRECT_OBJC_ISA_USAGE = YES_ERROR;
				CLANG_WARN_DOCUMENTATION_COMMENTS = YES;
				CLANG_WARN_EMPTY_BODY = YES;
				CLANG_WARN_ENUM_CONVERSION = YES;
				CLANG_WARN_INFINITE_RECURSION = YES;
				CLANG_WARN_INT_CONVERSION = YES;
				CLANG_WARN_NON_LITERAL_NULL_CONVERSION = YES;
				CLANG_WARN_OBJC_IMPLICIT_RETAIN_SELF = YES;
				CLANG_WARN_OBJC_LITERAL_CONVERSION = YES;
				CLANG_WARN_OBJC_ROOT_CLASS = YES_ERROR;
				CLANG_WARN_RANGE_LOOP_ANALYSIS = YES;
				CLANG_WARN_STRICT_PROTOTYPES = YES;
				CLANG_WARN_SUSPICIOUS_MOVE = YES;
				CLANG_WARN_UNGUARDED_AVAILABILITY = YES_AGGRESSIVE;
				CLANG_WARN_UNREACHABLE_CODE = YES;
				CLANG_WARN__DUPLICATE_METHOD_MATCH = YES;
				COPY_PHASE_STRIP = NO;
				DEBUG_INFORMATION_FORMAT = "dwarf-with-dsym";
				ENABLE_NS_ASSERTIONS = NO;
				ENABLE_STRICT_OBJC_MSGSEND = YES;
				GCC_C_LANGUAGE_STANDARD = gnu11;
				GCC_NO_COMMON_BLOCKS = YES;
				GCC_WARN_64_TO_32_BIT_CONVERSION = YES;
				GCC_WARN_ABOUT_RETURN_TYPE = YES_ERROR;
				GCC_WARN_UNDECLARED_SELECTOR = YES;
				GCC_WARN_UNINITIALIZED_AUTOS = YES_AGGRESSIVE;
				GCC_WARN_UNUSED_FUNCTION = YES;
				GCC_WARN_UNUSED_VARIABLE = YES;
				IPHONEOS_DEPLOYMENT_TARGET = 13.2;
				MTL_ENABLE_DEBUG_INFO = NO;
				MTL_FAST_MATH = YES;
				SDKROOT = iphoneos;
				SWIFT_COMPILATION_MODE = wholemodule;
				SWIFT_OPTIMIZATION_LEVEL = "-O";
				VALIDATE_PRODUCT = YES;
			};
			name = Release;
		};
		499E885823F0986400D4FB28 /* Debug */ = {
			isa = XCBuildConfiguration;
			buildSettings = {
				ASSETCATALOG_COMPILER_APPICON_NAME = AppIcon;
				CODE_SIGN_STYLE = Automatic;
				INFOPLIST_FILE = BaseKitExample/Info.plist;
				LD_RUNPATH_SEARCH_PATHS = (
					"$(inherited)",
					"@executable_path/Frameworks",
				);
				PRODUCT_BUNDLE_IDENTIFIER = com.tsukudabuddha.BaseKitExample;
				PRODUCT_NAME = "$(TARGET_NAME)";
				SWIFT_VERSION = 5.0;
				TARGETED_DEVICE_FAMILY = "1,2";
			};
			name = Debug;
		};
		499E885923F0986400D4FB28 /* Release */ = {
			isa = XCBuildConfiguration;
			buildSettings = {
				ASSETCATALOG_COMPILER_APPICON_NAME = AppIcon;
				CODE_SIGN_STYLE = Automatic;
				INFOPLIST_FILE = BaseKitExample/Info.plist;
				LD_RUNPATH_SEARCH_PATHS = (
					"$(inherited)",
					"@executable_path/Frameworks",
				);
				PRODUCT_BUNDLE_IDENTIFIER = com.tsukudabuddha.BaseKitExample;
				PRODUCT_NAME = "$(TARGET_NAME)";
				SWIFT_VERSION = 5.0;
				TARGETED_DEVICE_FAMILY = "1,2";
			};
			name = Release;
		};
/* End XCBuildConfiguration section */

/* Begin XCConfigurationList section */
		499E883E23F0986400D4FB28 /* Build configuration list for PBXProject "BaseKitExample" */ = {
			isa = XCConfigurationList;
			buildConfigurations = (
				499E885523F0986400D4FB28 /* Debug */,
				499E885623F0986400D4FB28 /* Release */,
			);
			defaultConfigurationIsVisible = 0;
			defaultConfigurationName = Release;
		};
		499E885723F0986400D4FB28 /* Build configuration list for PBXNativeTarget "BaseKitExample" */ = {
			isa = XCConfigurationList;
			buildConfigurations = (
				499E885823F0986400D4FB28 /* Debug */,
				499E885923F0986400D4FB28 /* Release */,
			);
			defaultConfigurationIsVisible = 0;
			defaultConfigurationName = Release;
		};
/* End XCConfigurationList section */
	};
	rootObject = 499E883B23F0986400D4FB28 /* Project object */;
}
